// !$*UTF8*$!
{
	archiveVersion = 1;
	classes = {
	};
	objectVersion = 46;
	objects = {

/* Begin PBXBuildFile section */
		4128B24D1A49399200BBC81A /* _.mp3 in Resources */ = {isa = PBXBuildFile; fileRef = 4128B24C1A49399200BBC81A /* _.mp3 */; };
		41A506FE1A427A77002F28E5 /* Foundation.framework in Frameworks */ = {isa = PBXBuildFile; fileRef = 41A506FD1A427A77002F28E5 /* Foundation.framework */; };
		41A507001A427A77002F28E5 /* CoreGraphics.framework in Frameworks */ = {isa = PBXBuildFile; fileRef = 41A506FF1A427A77002F28E5 /* CoreGraphics.framework */; };
		41A507021A427A77002F28E5 /* UIKit.framework in Frameworks */ = {isa = PBXBuildFile; fileRef = 41A507011A427A77002F28E5 /* UIKit.framework */; };
		41A507041A427A77002F28E5 /* GLKit.framework in Frameworks */ = {isa = PBXBuildFile; fileRef = 41A507031A427A77002F28E5 /* GLKit.framework */; };
		41A507061A427A77002F28E5 /* OpenGLES.framework in Frameworks */ = {isa = PBXBuildFile; fileRef = 41A507051A427A77002F28E5 /* OpenGLES.framework */; };
		41A5070C1A427A77002F28E5 /* InfoPlist.strings in Resources */ = {isa = PBXBuildFile; fileRef = 41A5070A1A427A77002F28E5 /* InfoPlist.strings */; };
		41A5070E1A427A77002F28E5 /* main.m in Sources */ = {isa = PBXBuildFile; fileRef = 41A5070D1A427A77002F28E5 /* main.m */; };
		41A507121A427A77002F28E5 /* AppDelegate.m in Sources */ = {isa = PBXBuildFile; fileRef = 41A507111A427A77002F28E5 /* AppDelegate.m */; };
		41A5071A1A427A77002F28E5 /* Shader.fsh in Resources */ = {isa = PBXBuildFile; fileRef = 41A507191A427A77002F28E5 /* Shader.fsh */; };
		41A5071C1A427A77002F28E5 /* Shader.vsh in Resources */ = {isa = PBXBuildFile; fileRef = 41A5071B1A427A77002F28E5 /* Shader.vsh */; };
		41A5071F1A427A77002F28E5 /* ViewController.m in Sources */ = {isa = PBXBuildFile; fileRef = 41A5071E1A427A77002F28E5 /* ViewController.m */; };
		41A507211A427A77002F28E5 /* Images.xcassets in Resources */ = {isa = PBXBuildFile; fileRef = 41A507201A427A77002F28E5 /* Images.xcassets */; };
		41A5074B1A427E52002F28E5 /* libicucore.dylib in Frameworks */ = {isa = PBXBuildFile; fileRef = 41A5074A1A427E52002F28E5 /* libicucore.dylib */; };
		41A5074D1A428139002F28E5 /* libz.1.2.5.dylib in Frameworks */ = {isa = PBXBuildFile; fileRef = 41A5074C1A428139002F28E5 /* libz.1.2.5.dylib */; };
		41A5074F1A428171002F28E5 /* libstdc++.dylib in Frameworks */ = {isa = PBXBuildFile; fileRef = 41A5074E1A428171002F28E5 /* libstdc++.dylib */; };
		6B03512E1F32CA1C006B5913 /* ShareRECSocial.framework in Frameworks */ = {isa = PBXBuildFile; fileRef = 6B03512D1F32CA1C006B5913 /* ShareRECSocial.framework */; };
		6B0B05661C3E49C000317981 /* libsqlite3.tbd in Frameworks */ = {isa = PBXBuildFile; fileRef = 6B0B05651C3E49C000317981 /* libsqlite3.tbd */; };
		6B3F0D0D1F4DAF66007FA051 /* ShareSDK.framework in Frameworks */ = {isa = PBXBuildFile; fileRef = 6B3F0CC11F4DAF66007FA051 /* ShareSDK.framework */; };
		6B3F0D101F4DAF66007FA051 /* ShareSDKExtension.framework in Frameworks */ = {isa = PBXBuildFile; fileRef = 6B3F0CC61F4DAF66007FA051 /* ShareSDKExtension.framework */; };
		6B3F0D111F4DAF66007FA051 /* ShareSDKUI.bundle in Resources */ = {isa = PBXBuildFile; fileRef = 6B3F0CC71F4DAF66007FA051 /* ShareSDKUI.bundle */; };
		6B3F0D121F4DAF66007FA051 /* ShareSDKUI.framework in Frameworks */ = {isa = PBXBuildFile; fileRef = 6B3F0CC81F4DAF66007FA051 /* ShareSDKUI.framework */; };
		6B3F0D261F4DAF66007FA051 /* WechatConnector.framework in Frameworks */ = {isa = PBXBuildFile; fileRef = 6B3F0CDD1F4DAF66007FA051 /* WechatConnector.framework */; };
		6B3F0D391F4DAF66007FA051 /* libWeChatSDK.a in Frameworks */ = {isa = PBXBuildFile; fileRef = 6B3F0D011F4DAF66007FA051 /* libWeChatSDK.a */; };
		6B3F0D3A1F4DAF66007FA051 /* README.txt in Resources */ = {isa = PBXBuildFile; fileRef = 6B3F0D021F4DAF66007FA051 /* README.txt */; };
		6B3F0D3C1F4DAF66007FA051 /* ShareSDK.bundle in Resources */ = {isa = PBXBuildFile; fileRef = 6B3F0D0B1F4DAF66007FA051 /* ShareSDK.bundle */; };
		6B3F0D3D1F4DAF66007FA051 /* ShareSDKConnector.framework in Frameworks */ = {isa = PBXBuildFile; fileRef = 6B3F0D0C1F4DAF66007FA051 /* ShareSDKConnector.framework */; };
		6B4AE7451F2B47C500FA088D /* MOBFoundation.framework in Frameworks */ = {isa = PBXBuildFile; fileRef = 6B4AE72D1F2B47C500FA088D /* MOBFoundation.framework */; };
		6B4AE7461F2B47C500FA088D /* MOBFoundationEx.framework in Frameworks */ = {isa = PBXBuildFile; fileRef = 6B4AE72E1F2B47C500FA088D /* MOBFoundationEx.framework */; };
		6B4AE7471F2B47C500FA088D /* ShareREC.strings in Resources */ = {isa = PBXBuildFile; fileRef = 6B4AE7301F2B47C500FA088D /* ShareREC.strings */; };
		6B4AE7481F2B47C500FA088D /* ShareRECCloud.strings in Resources */ = {isa = PBXBuildFile; fileRef = 6B4AE7321F2B47C500FA088D /* ShareRECCloud.strings */; };
		6B4AE7491F2B47C500FA088D /* ShareRECEdit.strings in Resources */ = {isa = PBXBuildFile; fileRef = 6B4AE7341F2B47C500FA088D /* ShareRECEdit.strings */; };
		6B4AE74A1F2B47C500FA088D /* ShareRECSocial.strings in Resources */ = {isa = PBXBuildFile; fileRef = 6B4AE7361F2B47C500FA088D /* ShareRECSocial.strings */; };
		6B4AE74B1F2B47C500FA088D /* ShareREC.bundle in Resources */ = {isa = PBXBuildFile; fileRef = 6B4AE7381F2B47C500FA088D /* ShareREC.bundle */; };
		6B4AE74C1F2B47C500FA088D /* ShareREC.framework in Frameworks */ = {isa = PBXBuildFile; fileRef = 6B4AE7391F2B47C500FA088D /* ShareREC.framework */; };
		6B4AE74D1F2B47C500FA088D /* ShareRECCloud.bundle in Resources */ = {isa = PBXBuildFile; fileRef = 6B4AE73A1F2B47C500FA088D /* ShareRECCloud.bundle */; };
		6B4AE74E1F2B47C500FA088D /* ShareRECCloud.framework in Frameworks */ = {isa = PBXBuildFile; fileRef = 6B4AE73B1F2B47C500FA088D /* ShareRECCloud.framework */; };
		6B4AE74F1F2B47C500FA088D /* ShareRECEdit.bundle in Resources */ = {isa = PBXBuildFile; fileRef = 6B4AE73C1F2B47C500FA088D /* ShareRECEdit.bundle */; };
		6B4AE7501F2B47C500FA088D /* ShareRECEdit.framework in Frameworks */ = {isa = PBXBuildFile; fileRef = 6B4AE73D1F2B47C500FA088D /* ShareRECEdit.framework */; };
		6B4AE7511F2B47C500FA088D /* ShareRECSocial.bundle in Resources */ = {isa = PBXBuildFile; fileRef = 6B4AE73E1F2B47C500FA088D /* ShareRECSocial.bundle */; };
		6B4AE7531F2B47C500FA088D /* ShareREC快速集成文档.docx in Resources */ = {isa = PBXBuildFile; fileRef = 6B4AE7401F2B47C500FA088D /* ShareREC快速集成文档.docx */; };
		6B886A751ED29D9E00DB686C /* Launch Screen.storyboard in Resources */ = {isa = PBXBuildFile; fileRef = 6B886A741ED29D9E00DB686C /* Launch Screen.storyboard */; };
		6BFB44C81ED3E8DB009D0E7E /* JavaScriptCore.framework in Frameworks */ = {isa = PBXBuildFile; fileRef = 6BFB44C71ED3E8DB009D0E7E /* JavaScriptCore.framework */; };
/* End PBXBuildFile section */

/* Begin PBXFileReference section */
		4128B24C1A49399200BBC81A /* _.mp3 */ = {isa = PBXFileReference; lastKnownFileType = audio.mp3; path = _.mp3; sourceTree = "<group>"; };
		41A506FA1A427A77002F28E5 /* ShareRECDemo.app */ = {isa = PBXFileReference; explicitFileType = wrapper.application; includeInIndex = 0; path = ShareRECDemo.app; sourceTree = BUILT_PRODUCTS_DIR; };
		41A506FD1A427A77002F28E5 /* Foundation.framework */ = {isa = PBXFileReference; lastKnownFileType = wrapper.framework; name = Foundation.framework; path = System/Library/Frameworks/Foundation.framework; sourceTree = SDKROOT; };
		41A506FF1A427A77002F28E5 /* CoreGraphics.framework */ = {isa = PBXFileReference; lastKnownFileType = wrapper.framework; name = CoreGraphics.framework; path = System/Library/Frameworks/CoreGraphics.framework; sourceTree = SDKROOT; };
		41A507011A427A77002F28E5 /* UIKit.framework */ = {isa = PBXFileReference; lastKnownFileType = wrapper.framework; name = UIKit.framework; path = System/Library/Frameworks/UIKit.framework; sourceTree = SDKROOT; };
		41A507031A427A77002F28E5 /* GLKit.framework */ = {isa = PBXFileReference; lastKnownFileType = wrapper.framework; name = GLKit.framework; path = System/Library/Frameworks/GLKit.framework; sourceTree = SDKROOT; };
		41A507051A427A77002F28E5 /* OpenGLES.framework */ = {isa = PBXFileReference; lastKnownFileType = wrapper.framework; name = OpenGLES.framework; path = System/Library/Frameworks/OpenGLES.framework; sourceTree = SDKROOT; };
		41A507091A427A77002F28E5 /* ShareRECDemo-Info.plist */ = {isa = PBXFileReference; lastKnownFileType = text.plist.xml; path = "ShareRECDemo-Info.plist"; sourceTree = "<group>"; };
		41A5070B1A427A77002F28E5 /* en */ = {isa = PBXFileReference; lastKnownFileType = text.plist.strings; name = en; path = en.lproj/InfoPlist.strings; sourceTree = "<group>"; };
		41A5070D1A427A77002F28E5 /* main.m */ = {isa = PBXFileReference; lastKnownFileType = sourcecode.c.objc; path = main.m; sourceTree = "<group>"; };
		41A5070F1A427A77002F28E5 /* ShareRECDemo-Prefix.pch */ = {isa = PBXFileReference; lastKnownFileType = sourcecode.c.h; path = "ShareRECDemo-Prefix.pch"; sourceTree = "<group>"; };
		41A507101A427A77002F28E5 /* AppDelegate.h */ = {isa = PBXFileReference; lastKnownFileType = sourcecode.c.h; path = AppDelegate.h; sourceTree = "<group>"; };
		41A507111A427A77002F28E5 /* AppDelegate.m */ = {isa = PBXFileReference; lastKnownFileType = sourcecode.c.objc; path = AppDelegate.m; sourceTree = "<group>"; };
		41A507191A427A77002F28E5 /* Shader.fsh */ = {isa = PBXFileReference; lastKnownFileType = sourcecode.glsl; name = Shader.fsh; path = Shaders/Shader.fsh; sourceTree = "<group>"; };
		41A5071B1A427A77002F28E5 /* Shader.vsh */ = {isa = PBXFileReference; lastKnownFileType = sourcecode.glsl; name = Shader.vsh; path = Shaders/Shader.vsh; sourceTree = "<group>"; };
		41A5071D1A427A77002F28E5 /* ViewController.h */ = {isa = PBXFileReference; lastKnownFileType = sourcecode.c.h; path = ViewController.h; sourceTree = "<group>"; };
		41A5071E1A427A77002F28E5 /* ViewController.m */ = {isa = PBXFileReference; lastKnownFileType = sourcecode.c.objc; path = ViewController.m; sourceTree = "<group>"; };
		41A507201A427A77002F28E5 /* Images.xcassets */ = {isa = PBXFileReference; lastKnownFileType = folder.assetcatalog; path = Images.xcassets; sourceTree = "<group>"; };
		41A507271A427A77002F28E5 /* XCTest.framework */ = {isa = PBXFileReference; lastKnownFileType = wrapper.framework; name = XCTest.framework; path = Library/Frameworks/XCTest.framework; sourceTree = DEVELOPER_DIR; };
		41A5074A1A427E52002F28E5 /* libicucore.dylib */ = {isa = PBXFileReference; lastKnownFileType = "compiled.mach-o.dylib"; name = libicucore.dylib; path = usr/lib/libicucore.dylib; sourceTree = SDKROOT; };
		41A5074C1A428139002F28E5 /* libz.1.2.5.dylib */ = {isa = PBXFileReference; lastKnownFileType = "compiled.mach-o.dylib"; name = libz.1.2.5.dylib; path = usr/lib/libz.1.2.5.dylib; sourceTree = SDKROOT; };
		41A5074E1A428171002F28E5 /* libstdc++.dylib */ = {isa = PBXFileReference; lastKnownFileType = "compiled.mach-o.dylib"; name = "libstdc++.dylib"; path = "usr/lib/libstdc++.dylib"; sourceTree = SDKROOT; };
		6B03512D1F32CA1C006B5913 /* ShareRECSocial.framework */ = {isa = PBXFileReference; lastKnownFileType = wrapper.framework; path = ShareRECSocial.framework; sourceTree = "<group>"; };
		6B0B05651C3E49C000317981 /* libsqlite3.tbd */ = {isa = PBXFileReference; lastKnownFileType = "sourcecode.text-based-dylib-definition"; name = libsqlite3.tbd; path = usr/lib/libsqlite3.tbd; sourceTree = SDKROOT; };
		6B3F0CC11F4DAF66007FA051 /* ShareSDK.framework */ = {isa = PBXFileReference; lastKnownFileType = wrapper.framework; path = ShareSDK.framework; sourceTree = "<group>"; };
		6B3F0CC61F4DAF66007FA051 /* ShareSDKExtension.framework */ = {isa = PBXFileReference; lastKnownFileType = wrapper.framework; path = ShareSDKExtension.framework; sourceTree = "<group>"; };
		6B3F0CC71F4DAF66007FA051 /* ShareSDKUI.bundle */ = {isa = PBXFileReference; lastKnownFileType = "wrapper.plug-in"; path = ShareSDKUI.bundle; sourceTree = "<group>"; };
		6B3F0CC81F4DAF66007FA051 /* ShareSDKUI.framework */ = {isa = PBXFileReference; lastKnownFileType = wrapper.framework; path = ShareSDKUI.framework; sourceTree = "<group>"; };
		6B3F0CDD1F4DAF66007FA051 /* WechatConnector.framework */ = {isa = PBXFileReference; lastKnownFileType = wrapper.framework; path = WechatConnector.framework; sourceTree = "<group>"; };
		6B3F0D011F4DAF66007FA051 /* libWeChatSDK.a */ = {isa = PBXFileReference; lastKnownFileType = archive.ar; path = libWeChatSDK.a; sourceTree = "<group>"; };
		6B3F0D021F4DAF66007FA051 /* README.txt */ = {isa = PBXFileReference; fileEncoding = 4; lastKnownFileType = text; path = README.txt; sourceTree = "<group>"; };
		6B3F0D031F4DAF66007FA051 /* WechatAuthSDK.h */ = {isa = PBXFileReference; fileEncoding = 4; lastKnownFileType = sourcecode.c.h; path = WechatAuthSDK.h; sourceTree = "<group>"; };
		6B3F0D041F4DAF66007FA051 /* WXApi.h */ = {isa = PBXFileReference; fileEncoding = 4; lastKnownFileType = sourcecode.c.h; path = WXApi.h; sourceTree = "<group>"; };
		6B3F0D051F4DAF66007FA051 /* WXApiObject.h */ = {isa = PBXFileReference; fileEncoding = 4; lastKnownFileType = sourcecode.c.h; path = WXApiObject.h; sourceTree = "<group>"; };
		6B3F0D0B1F4DAF66007FA051 /* ShareSDK.bundle */ = {isa = PBXFileReference; lastKnownFileType = "wrapper.plug-in"; path = ShareSDK.bundle; sourceTree = "<group>"; };
		6B3F0D0C1F4DAF66007FA051 /* ShareSDKConnector.framework */ = {isa = PBXFileReference; lastKnownFileType = wrapper.framework; path = ShareSDKConnector.framework; sourceTree = "<group>"; };
		6B4AE72D1F2B47C500FA088D /* MOBFoundation.framework */ = {isa = PBXFileReference; lastKnownFileType = wrapper.framework; path = MOBFoundation.framework; sourceTree = "<group>"; };
		6B4AE72E1F2B47C500FA088D /* MOBFoundationEx.framework */ = {isa = PBXFileReference; lastKnownFileType = wrapper.framework; path = MOBFoundationEx.framework; sourceTree = "<group>"; };
		6B4AE7311F2B47C500FA088D /* en */ = {isa = PBXFileReference; lastKnownFileType = text.plist.strings; name = en; path = en.lproj/ShareREC.strings; sourceTree = "<group>"; };
		6B4AE7331F2B47C500FA088D /* en */ = {isa = PBXFileReference; lastKnownFileType = text.plist.strings; name = en; path = en.lproj/ShareRECCloud.strings; sourceTree = "<group>"; };
		6B4AE7351F2B47C500FA088D /* en */ = {isa = PBXFileReference; lastKnownFileType = text.plist.strings; name = en; path = en.lproj/ShareRECEdit.strings; sourceTree = "<group>"; };
		6B4AE7371F2B47C500FA088D /* en */ = {isa = PBXFileReference; lastKnownFileType = text.plist.strings; name = en; path = en.lproj/ShareRECSocial.strings; sourceTree = "<group>"; };
		6B4AE7381F2B47C500FA088D /* ShareREC.bundle */ = {isa = PBXFileReference; lastKnownFileType = "wrapper.plug-in"; path = ShareREC.bundle; sourceTree = "<group>"; };
		6B4AE7391F2B47C500FA088D /* ShareREC.framework */ = {isa = PBXFileReference; lastKnownFileType = wrapper.framework; path = ShareREC.framework; sourceTree = "<group>"; };
		6B4AE73A1F2B47C500FA088D /* ShareRECCloud.bundle */ = {isa = PBXFileReference; lastKnownFileType = "wrapper.plug-in"; path = ShareRECCloud.bundle; sourceTree = "<group>"; };
		6B4AE73B1F2B47C500FA088D /* ShareRECCloud.framework */ = {isa = PBXFileReference; lastKnownFileType = wrapper.framework; path = ShareRECCloud.framework; sourceTree = "<group>"; };
		6B4AE73C1F2B47C500FA088D /* ShareRECEdit.bundle */ = {isa = PBXFileReference; lastKnownFileType = "wrapper.plug-in"; path = ShareRECEdit.bundle; sourceTree = "<group>"; };
		6B4AE73D1F2B47C500FA088D /* ShareRECEdit.framework */ = {isa = PBXFileReference; lastKnownFileType = wrapper.framework; path = ShareRECEdit.framework; sourceTree = "<group>"; };
		6B4AE73E1F2B47C500FA088D /* ShareRECSocial.bundle */ = {isa = PBXFileReference; lastKnownFileType = "wrapper.plug-in"; path = ShareRECSocial.bundle; sourceTree = "<group>"; };
		6B4AE7401F2B47C500FA088D /* ShareREC快速集成文档.docx */ = {isa = PBXFileReference; lastKnownFileType = file; path = "ShareREC快速集成文档.docx"; sourceTree = "<group>"; };
		6B4AE7411F2B47C500FA088D /* zh-Hans */ = {isa = PBXFileReference; lastKnownFileType = text.plist.strings; name = "zh-Hans"; path = "zh-Hans.lproj/ShareREC.strings"; sourceTree = "<group>"; };
		6B4AE7421F2B47C500FA088D /* zh-Hans */ = {isa = PBXFileReference; lastKnownFileType = text.plist.strings; name = "zh-Hans"; path = "zh-Hans.lproj/ShareRECCloud.strings"; sourceTree = "<group>"; };
		6B4AE7431F2B47C500FA088D /* zh-Hans */ = {isa = PBXFileReference; lastKnownFileType = text.plist.strings; name = "zh-Hans"; path = "zh-Hans.lproj/ShareRECEdit.strings"; sourceTree = "<group>"; };
		6B4AE7441F2B47C500FA088D /* zh-Hans */ = {isa = PBXFileReference; lastKnownFileType = text.plist.strings; name = "zh-Hans"; path = "zh-Hans.lproj/ShareRECSocial.strings"; sourceTree = "<group>"; };
		6B886A741ED29D9E00DB686C /* Launch Screen.storyboard */ = {isa = PBXFileReference; fileEncoding = 4; lastKnownFileType = file.storyboard; path = "Launch Screen.storyboard"; sourceTree = "<group>"; };
		6BFB44C71ED3E8DB009D0E7E /* JavaScriptCore.framework */ = {isa = PBXFileReference; lastKnownFileType = wrapper.framework; name = JavaScriptCore.framework; path = System/Library/Frameworks/JavaScriptCore.framework; sourceTree = SDKROOT; };
/* End PBXFileReference section */

/* Begin PBXFrameworksBuildPhase section */
		41A506F71A427A77002F28E5 /* Frameworks */ = {
			isa = PBXFrameworksBuildPhase;
			buildActionMask = 2147483647;
			files = (
				6BFB44C81ED3E8DB009D0E7E /* JavaScriptCore.framework in Frameworks */,
				6B3F0D3D1F4DAF66007FA051 /* ShareSDKConnector.framework in Frameworks */,
				6B4AE74E1F2B47C500FA088D /* ShareRECCloud.framework in Frameworks */,
				6B3F0D101F4DAF66007FA051 /* ShareSDKExtension.framework in Frameworks */,
				6B4AE7451F2B47C500FA088D /* MOBFoundation.framework in Frameworks */,
				6B0B05661C3E49C000317981 /* libsqlite3.tbd in Frameworks */,
				6B3F0D0D1F4DAF66007FA051 /* ShareSDK.framework in Frameworks */,
				41A5074F1A428171002F28E5 /* libstdc++.dylib in Frameworks */,
				6B4AE7501F2B47C500FA088D /* ShareRECEdit.framework in Frameworks */,
				6B3F0D261F4DAF66007FA051 /* WechatConnector.framework in Frameworks */,
				41A5074D1A428139002F28E5 /* libz.1.2.5.dylib in Frameworks */,
				41A5074B1A427E52002F28E5 /* libicucore.dylib in Frameworks */,
				41A507061A427A77002F28E5 /* OpenGLES.framework in Frameworks */,
				41A507001A427A77002F28E5 /* CoreGraphics.framework in Frameworks */,
				6B4AE74C1F2B47C500FA088D /* ShareREC.framework in Frameworks */,
				41A507021A427A77002F28E5 /* UIKit.framework in Frameworks */,
				6B3F0D121F4DAF66007FA051 /* ShareSDKUI.framework in Frameworks */,
				6B03512E1F32CA1C006B5913 /* ShareRECSocial.framework in Frameworks */,
				41A507041A427A77002F28E5 /* GLKit.framework in Frameworks */,
				41A506FE1A427A77002F28E5 /* Foundation.framework in Frameworks */,
				6B3F0D391F4DAF66007FA051 /* libWeChatSDK.a in Frameworks */,
				6B4AE7461F2B47C500FA088D /* MOBFoundationEx.framework in Frameworks */,
			);
			runOnlyForDeploymentPostprocessing = 0;
		};
/* End PBXFrameworksBuildPhase section */

/* Begin PBXGroup section */
		41A506F11A427A77002F28E5 = {
			isa = PBXGroup;
			children = (
				41A507071A427A77002F28E5 /* ShareRECDemo */,
				41A506FC1A427A77002F28E5 /* Frameworks */,
				41A506FB1A427A77002F28E5 /* Products */,
			);
			sourceTree = "<group>";
		};
		41A506FB1A427A77002F28E5 /* Products */ = {
			isa = PBXGroup;
			children = (
				41A506FA1A427A77002F28E5 /* ShareRECDemo.app */,
			);
			name = Products;
			sourceTree = "<group>";
		};
		41A506FC1A427A77002F28E5 /* Frameworks */ = {
			isa = PBXGroup;
			children = (
				6BFB44C71ED3E8DB009D0E7E /* JavaScriptCore.framework */,
				6B0B05651C3E49C000317981 /* libsqlite3.tbd */,
				41A5074E1A428171002F28E5 /* libstdc++.dylib */,
				41A5074C1A428139002F28E5 /* libz.1.2.5.dylib */,
				41A5074A1A427E52002F28E5 /* libicucore.dylib */,
				41A506FD1A427A77002F28E5 /* Foundation.framework */,
				41A506FF1A427A77002F28E5 /* CoreGraphics.framework */,
				41A507011A427A77002F28E5 /* UIKit.framework */,
				41A507031A427A77002F28E5 /* GLKit.framework */,
				41A507051A427A77002F28E5 /* OpenGLES.framework */,
				41A507271A427A77002F28E5 /* XCTest.framework */,
			);
			name = Frameworks;
			sourceTree = "<group>";
		};
		41A507071A427A77002F28E5 /* ShareRECDemo */ = {
			isa = PBXGroup;
			children = (
				6B4AE72B1F2B47C500FA088D /* SDK */,
				41A507101A427A77002F28E5 /* AppDelegate.h */,
				41A507111A427A77002F28E5 /* AppDelegate.m */,
				41A507191A427A77002F28E5 /* Shader.fsh */,
				41A5071B1A427A77002F28E5 /* Shader.vsh */,
				41A5071D1A427A77002F28E5 /* ViewController.h */,
				41A5071E1A427A77002F28E5 /* ViewController.m */,
				41A507201A427A77002F28E5 /* Images.xcassets */,
				41A507081A427A77002F28E5 /* Supporting Files */,
				6B886A741ED29D9E00DB686C /* Launch Screen.storyboard */,
			);
			path = ShareRECDemo;
			sourceTree = "<group>";
		};
		41A507081A427A77002F28E5 /* Supporting Files */ = {
			isa = PBXGroup;
			children = (
				4128B24C1A49399200BBC81A /* _.mp3 */,
				41A507091A427A77002F28E5 /* ShareRECDemo-Info.plist */,
				41A5070A1A427A77002F28E5 /* InfoPlist.strings */,
				41A5070D1A427A77002F28E5 /* main.m */,
				41A5070F1A427A77002F28E5 /* ShareRECDemo-Prefix.pch */,
			);
			name = "Supporting Files";
			sourceTree = "<group>";
		};
		6B3F0CC01F4DAF66007FA051 /* ShareSDK */ = {
			isa = PBXGroup;
			children = (
				6B3F0CC11F4DAF66007FA051 /* ShareSDK.framework */,
				6B3F0CC21F4DAF66007FA051 /* Support */,
			);
			path = ShareSDK;
			sourceTree = "<group>";
		};
		6B3F0CC21F4DAF66007FA051 /* Support */ = {
			isa = PBXGroup;
			children = (
				6B3F0CC31F4DAF66007FA051 /* Optional */,
				6B3F0CC91F4DAF66007FA051 /* PlatformConnector */,
				6B3F0CE11F4DAF66007FA051 /* PlatformSDK */,
				6B3F0D0A1F4DAF66007FA051 /* Required */,
			);
			path = Support;
			sourceTree = "<group>";
		};
		6B3F0CC31F4DAF66007FA051 /* Optional */ = {
			isa = PBXGroup;
			children = (
				6B3F0CC61F4DAF66007FA051 /* ShareSDKExtension.framework */,
				6B3F0CC71F4DAF66007FA051 /* ShareSDKUI.bundle */,
				6B3F0CC81F4DAF66007FA051 /* ShareSDKUI.framework */,
			);
			path = Optional;
			sourceTree = "<group>";
		};
		6B3F0CC91F4DAF66007FA051 /* PlatformConnector */ = {
			isa = PBXGroup;
			children = (
				6B3F0CDD1F4DAF66007FA051 /* WechatConnector.framework */,
			);
			path = PlatformConnector;
			sourceTree = "<group>";
		};
		6B3F0CE11F4DAF66007FA051 /* PlatformSDK */ = {
			isa = PBXGroup;
			children = (
				6B3F0D001F4DAF66007FA051 /* WeChatSDK */,
			);
			path = PlatformSDK;
			sourceTree = "<group>";
		};
		6B3F0D001F4DAF66007FA051 /* WeChatSDK */ = {
			isa = PBXGroup;
			children = (
				6B3F0D011F4DAF66007FA051 /* libWeChatSDK.a */,
				6B3F0D021F4DAF66007FA051 /* README.txt */,
				6B3F0D031F4DAF66007FA051 /* WechatAuthSDK.h */,
				6B3F0D041F4DAF66007FA051 /* WXApi.h */,
				6B3F0D051F4DAF66007FA051 /* WXApiObject.h */,
			);
			path = WeChatSDK;
			sourceTree = "<group>";
		};
		6B3F0D0A1F4DAF66007FA051 /* Required */ = {
			isa = PBXGroup;
			children = (
				6B3F0D0B1F4DAF66007FA051 /* ShareSDK.bundle */,
				6B3F0D0C1F4DAF66007FA051 /* ShareSDKConnector.framework */,
			);
			path = Required;
			sourceTree = "<group>";
		};
		6B4AE72B1F2B47C500FA088D /* SDK */ = {
			isa = PBXGroup;
			children = (
				6B3F0CC01F4DAF66007FA051 /* ShareSDK */,
				6B4AE72C1F2B47C500FA088D /* Required */,
				6B4AE72F1F2B47C500FA088D /* ShareREC */,
			);
			name = SDK;
			path = ../../../SDK;
			sourceTree = "<group>";
		};
		6B4AE72C1F2B47C500FA088D /* Required */ = {
			isa = PBXGroup;
			children = (
				6B4AE72D1F2B47C500FA088D /* MOBFoundation.framework */,
				6B4AE72E1F2B47C500FA088D /* MOBFoundationEx.framework */,
			);
			path = Required;
			sourceTree = "<group>";
		};
		6B4AE72F1F2B47C500FA088D /* ShareREC */ = {
			isa = PBXGroup;
			children = (
				6B03512D1F32CA1C006B5913 /* ShareRECSocial.framework */,
				6B4AE7301F2B47C500FA088D /* ShareREC.strings */,
				6B4AE7321F2B47C500FA088D /* ShareRECCloud.strings */,
				6B4AE7341F2B47C500FA088D /* ShareRECEdit.strings */,
				6B4AE7361F2B47C500FA088D /* ShareRECSocial.strings */,
				6B4AE7381F2B47C500FA088D /* ShareREC.bundle */,
				6B4AE7391F2B47C500FA088D /* ShareREC.framework */,
				6B4AE73A1F2B47C500FA088D /* ShareRECCloud.bundle */,
				6B4AE73B1F2B47C500FA088D /* ShareRECCloud.framework */,
				6B4AE73C1F2B47C500FA088D /* ShareRECEdit.bundle */,
				6B4AE73D1F2B47C500FA088D /* ShareRECEdit.framework */,
				6B4AE7401F2B47C500FA088D /* ShareREC快速集成文档.docx */,
				6B4AE73E1F2B47C500FA088D /* ShareRECSocial.bundle */,
			);
			path = ShareREC;
			sourceTree = "<group>";
		};
/* End PBXGroup section */

/* Begin PBXNativeTarget section */
		41A506F91A427A77002F28E5 /* ShareRECDemo */ = {
			isa = PBXNativeTarget;
			buildConfigurationList = 41A507371A427A77002F28E5 /* Build configuration list for PBXNativeTarget "ShareRECDemo" */;
			buildPhases = (
				41A506F61A427A77002F28E5 /* Sources */,
				41A506F71A427A77002F28E5 /* Frameworks */,
				41A506F81A427A77002F28E5 /* Resources */,
			);
			buildRules = (
			);
			dependencies = (
			);
			name = ShareRECDemo;
			productName = ShareRECDemo;
			productReference = 41A506FA1A427A77002F28E5 /* ShareRECDemo.app */;
			productType = "com.apple.product-type.application";
		};
/* End PBXNativeTarget section */

/* Begin PBXProject section */
		41A506F21A427A77002F28E5 /* Project object */ = {
			isa = PBXProject;
			attributes = {
				LastUpgradeCheck = 0510;
				ORGANIZATIONNAME = "掌淘科技";
				TargetAttributes = {
					41A506F91A427A77002F28E5 = {
						DevelopmentTeam = Q87QUX3533;
						ProvisioningStyle = Manual;
					};
				};
			};
			buildConfigurationList = 41A506F51A427A77002F28E5 /* Build configuration list for PBXProject "ShareRECDemo" */;
			compatibilityVersion = "Xcode 3.2";
			developmentRegion = English;
			hasScannedForEncodings = 0;
			knownRegions = (
				en,
				Base,
				"zh-Hans",
			);
			mainGroup = 41A506F11A427A77002F28E5;
			productRefGroup = 41A506FB1A427A77002F28E5 /* Products */;
			projectDirPath = "";
			projectRoot = "";
			targets = (
				41A506F91A427A77002F28E5 /* ShareRECDemo */,
			);
		};
/* End PBXProject section */

/* Begin PBXResourcesBuildPhase section */
		41A506F81A427A77002F28E5 /* Resources */ = {
			isa = PBXResourcesBuildPhase;
			buildActionMask = 2147483647;
			files = (
				41A5071A1A427A77002F28E5 /* Shader.fsh in Resources */,
				6B4AE7531F2B47C500FA088D /* ShareREC快速集成文档.docx in Resources */,
				6B4AE7511F2B47C500FA088D /* ShareRECSocial.bundle in Resources */,
				6B4AE7481F2B47C500FA088D /* ShareRECCloud.strings in Resources */,
				6B3F0D3C1F4DAF66007FA051 /* ShareSDK.bundle in Resources */,
				6B4AE74F1F2B47C500FA088D /* ShareRECEdit.bundle in Resources */,
				6B4AE7491F2B47C500FA088D /* ShareRECEdit.strings in Resources */,
				41A507211A427A77002F28E5 /* Images.xcassets in Resources */,
				6B3F0D111F4DAF66007FA051 /* ShareSDKUI.bundle in Resources */,
				6B4AE7471F2B47C500FA088D /* ShareREC.strings in Resources */,
				6B4AE74B1F2B47C500FA088D /* ShareREC.bundle in Resources */,
				4128B24D1A49399200BBC81A /* _.mp3 in Resources */,
				6B4AE74A1F2B47C500FA088D /* ShareRECSocial.strings in Resources */,
				6B4AE74D1F2B47C500FA088D /* ShareRECCloud.bundle in Resources */,
				41A5070C1A427A77002F28E5 /* InfoPlist.strings in Resources */,
				6B886A751ED29D9E00DB686C /* Launch Screen.storyboard in Resources */,
				6B3F0D3A1F4DAF66007FA051 /* README.txt in Resources */,
				41A5071C1A427A77002F28E5 /* Shader.vsh in Resources */,
			);
			runOnlyForDeploymentPostprocessing = 0;
		};
/* End PBXResourcesBuildPhase section */

/* Begin PBXSourcesBuildPhase section */
		41A506F61A427A77002F28E5 /* Sources */ = {
			isa = PBXSourcesBuildPhase;
			buildActionMask = 2147483647;
			files = (
				41A5071F1A427A77002F28E5 /* ViewController.m in Sources */,
				41A507121A427A77002F28E5 /* AppDelegate.m in Sources */,
				41A5070E1A427A77002F28E5 /* main.m in Sources */,
			);
			runOnlyForDeploymentPostprocessing = 0;
		};
/* End PBXSourcesBuildPhase section */

/* Begin PBXVariantGroup section */
		41A5070A1A427A77002F28E5 /* InfoPlist.strings */ = {
			isa = PBXVariantGroup;
			children = (
				41A5070B1A427A77002F28E5 /* en */,
			);
			name = InfoPlist.strings;
			sourceTree = "<group>";
		};
		6B4AE7301F2B47C500FA088D /* ShareREC.strings */ = {
			isa = PBXVariantGroup;
			children = (
				6B4AE7311F2B47C500FA088D /* en */,
				6B4AE7411F2B47C500FA088D /* zh-Hans */,
			);
			name = ShareREC.strings;
			sourceTree = "<group>";
		};
		6B4AE7321F2B47C500FA088D /* ShareRECCloud.strings */ = {
			isa = PBXVariantGroup;
			children = (
				6B4AE7331F2B47C500FA088D /* en */,
				6B4AE7421F2B47C500FA088D /* zh-Hans */,
			);
			name = ShareRECCloud.strings;
			sourceTree = "<group>";
		};
		6B4AE7341F2B47C500FA088D /* ShareRECEdit.strings */ = {
			isa = PBXVariantGroup;
			children = (
				6B4AE7351F2B47C500FA088D /* en */,
				6B4AE7431F2B47C500FA088D /* zh-Hans */,
			);
			name = ShareRECEdit.strings;
			sourceTree = "<group>";
		};
		6B4AE7361F2B47C500FA088D /* ShareRECSocial.strings */ = {
			isa = PBXVariantGroup;
			children = (
				6B4AE7371F2B47C500FA088D /* en */,
				6B4AE7441F2B47C500FA088D /* zh-Hans */,
			);
			name = ShareRECSocial.strings;
			sourceTree = "<group>";
		};
/* End PBXVariantGroup section */

/* Begin XCBuildConfiguration section */
		41A507351A427A77002F28E5 /* Debug */ = {
			isa = XCBuildConfiguration;
			buildSettings = {
				ALWAYS_SEARCH_USER_PATHS = NO;
				CLANG_CXX_LANGUAGE_STANDARD = "gnu++0x";
				CLANG_CXX_LIBRARY = "libc++";
				CLANG_ENABLE_MODULES = YES;
				CLANG_ENABLE_OBJC_ARC = YES;
				CLANG_WARN_BOOL_CONVERSION = YES;
				CLANG_WARN_CONSTANT_CONVERSION = YES;
				CLANG_WARN_DIRECT_OBJC_ISA_USAGE = YES_ERROR;
				CLANG_WARN_EMPTY_BODY = YES;
				CLANG_WARN_ENUM_CONVERSION = YES;
				CLANG_WARN_INT_CONVERSION = YES;
				CLANG_WARN_OBJC_ROOT_CLASS = YES_ERROR;
				CLANG_WARN__DUPLICATE_METHOD_MATCH = YES;
				CODE_SIGN_IDENTITY = "iPhone Developer: Chen GangQiang (785VZN2ZN7)";
				"CODE_SIGN_IDENTITY[sdk=iphoneos*]" = "iPhone Developer: Chen GangQiang (785VZN2ZN7)";
				COPY_PHASE_STRIP = NO;
				GCC_C_LANGUAGE_STANDARD = gnu99;
				GCC_DYNAMIC_NO_PIC = NO;
				GCC_OPTIMIZATION_LEVEL = 0;
				GCC_PREPROCESSOR_DEFINITIONS = (
					"DEBUG=1",
					"$(inherited)",
				);
				GCC_SYMBOLS_PRIVATE_EXTERN = NO;
				GCC_WARN_64_TO_32_BIT_CONVERSION = YES;
				GCC_WARN_ABOUT_RETURN_TYPE = YES_ERROR;
				GCC_WARN_UNDECLARED_SELECTOR = YES;
				GCC_WARN_UNINITIALIZED_AUTOS = YES_AGGRESSIVE;
				GCC_WARN_UNUSED_FUNCTION = YES;
				GCC_WARN_UNUSED_VARIABLE = YES;
				IPHONEOS_DEPLOYMENT_TARGET = 6.0;
				ONLY_ACTIVE_ARCH = YES;
				PROVISIONING_PROFILE = "4df6bf35-b836-4ff8-9995-19405dc61fc9";
				SDKROOT = iphoneos;
				TARGETED_DEVICE_FAMILY = "1,2";
			};
			name = Debug;
		};
		41A507361A427A77002F28E5 /* Release */ = {
			isa = XCBuildConfiguration;
			buildSettings = {
				ALWAYS_SEARCH_USER_PATHS = NO;
				CLANG_CXX_LANGUAGE_STANDARD = "gnu++0x";
				CLANG_CXX_LIBRARY = "libc++";
				CLANG_ENABLE_MODULES = YES;
				CLANG_ENABLE_OBJC_ARC = YES;
				CLANG_WARN_BOOL_CONVERSION = YES;
				CLANG_WARN_CONSTANT_CONVERSION = YES;
				CLANG_WARN_DIRECT_OBJC_ISA_USAGE = YES_ERROR;
				CLANG_WARN_EMPTY_BODY = YES;
				CLANG_WARN_ENUM_CONVERSION = YES;
				CLANG_WARN_INT_CONVERSION = YES;
				CLANG_WARN_OBJC_ROOT_CLASS = YES_ERROR;
				CLANG_WARN__DUPLICATE_METHOD_MATCH = YES;
				"CODE_SIGN_IDENTITY[sdk=iphoneos*]" = "iPhone Developer";
				COPY_PHASE_STRIP = YES;
				ENABLE_NS_ASSERTIONS = NO;
				GCC_C_LANGUAGE_STANDARD = gnu99;
				GCC_WARN_64_TO_32_BIT_CONVERSION = YES;
				GCC_WARN_ABOUT_RETURN_TYPE = YES_ERROR;
				GCC_WARN_UNDECLARED_SELECTOR = YES;
				GCC_WARN_UNINITIALIZED_AUTOS = YES_AGGRESSIVE;
				GCC_WARN_UNUSED_FUNCTION = YES;
				GCC_WARN_UNUSED_VARIABLE = YES;
				IPHONEOS_DEPLOYMENT_TARGET = 6.0;
				PROVISIONING_PROFILE = "4df6bf35-b836-4ff8-9995-19405dc61fc9";
				SDKROOT = iphoneos;
				TARGETED_DEVICE_FAMILY = "1,2";
				VALIDATE_PRODUCT = YES;
			};
			name = Release;
		};
		41A507381A427A77002F28E5 /* Debug */ = {
			isa = XCBuildConfiguration;
			buildSettings = {
				ASSETCATALOG_COMPILER_APPICON_NAME = AppIcon;
				ASSETCATALOG_COMPILER_LAUNCHIMAGE_NAME = LaunchImage;
				CODE_SIGN_IDENTITY = "iPhone Developer: Chen GangQiang (785VZN2ZN7)";
				"CODE_SIGN_IDENTITY[sdk=iphoneos*]" = "iPhone Developer";
				CODE_SIGN_STYLE = Manual;
				DEVELOPMENT_TEAM = Q87QUX3533;
				ENABLE_BITCODE = NO;
				FRAMEWORK_SEARCH_PATHS = "$(PROJECT_DIR)/../../SDK/**";
				GCC_PRECOMPILE_PREFIX_HEADER = YES;
				GCC_PREFIX_HEADER = "ShareRECDemo/ShareRECDemo-Prefix.pch";
				HEADER_SEARCH_PATHS = "";
				INFOPLIST_FILE = "ShareRECDemo/ShareRECDemo-Info.plist";
				IPHONEOS_DEPLOYMENT_TARGET = 6.0;
				LIBRARY_SEARCH_PATHS = "$(PROJECT_DIR)/../../SDK/ShareSDK/**";
				OTHER_LDFLAGS = "-ObjC";
				PRODUCT_BUNDLE_IDENTIFIER = com.mob.product.ShareREC;
				PRODUCT_NAME = "$(TARGET_NAME)";
				PROVISIONING_PROFILE = "6446d0e8-1810-4014-a482-07995c5013a3";
				PROVISIONING_PROFILE_SPECIFIER = MobProvisioningProfiles;
				WRAPPER_EXTENSION = app;
			};
			name = Debug;
		};
		41A507391A427A77002F28E5 /* Release */ = {
			isa = XCBuildConfiguration;
			buildSettings = {
				ASSETCATALOG_COMPILER_APPICON_NAME = AppIcon;
				ASSETCATALOG_COMPILER_LAUNCHIMAGE_NAME = LaunchImage;
				"CODE_SIGN_IDENTITY[sdk=iphoneos*]" = "iPhone Distribution";
				CODE_SIGN_STYLE = Manual;
				DEVELOPMENT_TEAM = LW5266U92D;
				ENABLE_BITCODE = NO;
				FRAMEWORK_SEARCH_PATHS = "$(PROJECT_DIR)/../../SDK/**";
				GCC_PRECOMPILE_PREFIX_HEADER = YES;
				GCC_PREFIX_HEADER = "ShareRECDemo/ShareRECDemo-Prefix.pch";
				HEADER_SEARCH_PATHS = "";
				INFOPLIST_FILE = "ShareRECDemo/ShareRECDemo-Info.plist";
				IPHONEOS_DEPLOYMENT_TARGET = 6.0;
				LIBRARY_SEARCH_PATHS = "$(PROJECT_DIR)/../../SDK/ShareSDK/**";
				OTHER_LDFLAGS = "-ObjC";
				PRODUCT_BUNDLE_IDENTIFIER = com.mob.product.ShareREC;
				PRODUCT_NAME = "$(TARGET_NAME)";
				PROVISIONING_PROFILE = "1c1acaa2-cc82-434e-9cbb-fc85eb83b6ed";
				PROVISIONING_PROFILE_SPECIFIER = ShareREC;
				WRAPPER_EXTENSION = app;
			};
			name = Release;
		};
/* End XCBuildConfiguration section */

/* Begin XCConfigurationList section */
		41A506F51A427A77002F28E5 /* Build configuration list for PBXProject "ShareRECDemo" */ = {
			isa = XCConfigurationList;
			buildConfigurations = (
				41A507351A427A77002F28E5 /* Debug */,
				41A507361A427A77002F28E5 /* Release */,
			);
			defaultConfigurationIsVisible = 0;
			defaultConfigurationName = Release;
		};
		41A507371A427A77002F28E5 /* Build configuration list for PBXNativeTarget "ShareRECDemo" */ = {
			isa = XCConfigurationList;
			buildConfigurations = (
				41A507381A427A77002F28E5 /* Debug */,
				41A507391A427A77002F28E5 /* Release */,
			);
			defaultConfigurationIsVisible = 0;
			defaultConfigurationName = Release;
		};
/* End XCConfigurationList section */
	};
	rootObject = 41A506F21A427A77002F28E5 /* Project object */;
}
